// !$*UTF8*$!
{
	archiveVersion = 1;
	classes = {
	};
	objectVersion = 46;
	objects = {

/* Begin PBXBuildFile section */
		0303040D16E6F9C100490253 /* MFQuickAccessView.m in Sources */ = {isa = PBXBuildFile; fileRef = 0303040C16E6F9C100490253 /* MFQuickAccessView.m */; };
		0303040F16E702E200490253 /* MFQuickAccessView.xib in Resources */ = {isa = PBXBuildFile; fileRef = 0303040E16E702E200490253 /* MFQuickAccessView.xib */; };
		0327251D16E2AE93003A8E3E /* MFFuseBackup.m in Sources */ = {isa = PBXBuildFile; fileRef = 0327251C16E2AE93003A8E3E /* MFFuseBackup.m */; };
		0327252016E2B244003A8E3E /* SampleBackups in Resources */ = {isa = PBXBuildFile; fileRef = 0327251F16E2B244003A8E3E /* SampleBackups */; };
		0327252116E2B244003A8E3E /* SampleBackups in Resources */ = {isa = PBXBuildFile; fileRef = 0327251F16E2B244003A8E3E /* SampleBackups */; };
		0364CA3216F378FE002FDF46 /* OpenSans-ExtraBold.ttf in Resources */ = {isa = PBXBuildFile; fileRef = 0364CA2B16F378FE002FDF46 /* OpenSans-ExtraBold.ttf */; };
		0364CA3316F378FE002FDF46 /* OpenSans-Light.ttf in Resources */ = {isa = PBXBuildFile; fileRef = 0364CA2C16F378FE002FDF46 /* OpenSans-Light.ttf */; };
		0364CA3416F378FE002FDF46 /* MainWindowBG.png in Resources */ = {isa = PBXBuildFile; fileRef = 0364CA2E16F378FE002FDF46 /* MainWindowBG.png */; };
		0364CA3516F378FE002FDF46 /* MainWindowBG@2x.png in Resources */ = {isa = PBXBuildFile; fileRef = 0364CA2F16F378FE002FDF46 /* MainWindowBG@2x.png */; };
		0364CA3616F378FE002FDF46 /* QAWellBG.png in Resources */ = {isa = PBXBuildFile; fileRef = 0364CA3016F378FE002FDF46 /* QAWellBG.png */; };
		0364CA3716F378FE002FDF46 /* QAWellBG@2x.png in Resources */ = {isa = PBXBuildFile; fileRef = 0364CA3116F378FE002FDF46 /* QAWellBG@2x.png */; };
		0364CA4016F7BE0F002FDF46 /* HockeySDK.framework in Frameworks */ = {isa = PBXBuildFile; fileRef = 0364CA3B16F7BE0F002FDF46 /* HockeySDK.framework */; };
		0364CA4216F7BE0F002FDF46 /* LICENSE.txt in Resources */ = {isa = PBXBuildFile; fileRef = 0364CA3D16F7BE0F002FDF46 /* LICENSE.txt */; };
		0364CA4316F7BE0F002FDF46 /* README.md in Resources */ = {isa = PBXBuildFile; fileRef = 0364CA3E16F7BE0F002FDF46 /* README.md */; };
		0364CA4B16F7C970002FDF46 /* main.m in Sources */ = {isa = PBXBuildFile; fileRef = 03BF544916DF11CF00895128 /* main.m */; };
		0364CA4C16F7C970002FDF46 /* MFAppDelegate.m in Sources */ = {isa = PBXBuildFile; fileRef = 03BF545016DF11CF00895128 /* MFAppDelegate.m */; };
		0364CA4D16F7C970002FDF46 /* MFPreset.m in Sources */ = {isa = PBXBuildFile; fileRef = 03BF547316DF1BDD00895128 /* MFPreset.m */; };
		0364CA4E16F7C970002FDF46 /* MFModule.m in Sources */ = {isa = PBXBuildFile; fileRef = 03BF547716DF1BFF00895128 /* MFModule.m */; };
		0364CA4F16F7C970002FDF46 /* MFFuseBackup.m in Sources */ = {isa = PBXBuildFile; fileRef = 0327251C16E2AE93003A8E3E /* MFFuseBackup.m */; };
		0364CA5016F7C970002FDF46 /* MFQuickAccessView.m in Sources */ = {isa = PBXBuildFile; fileRef = 0303040C16E6F9C100490253 /* MFQuickAccessView.m */; };
		0364CA5216F7C970002FDF46 /* Cocoa.framework in Frameworks */ = {isa = PBXBuildFile; fileRef = 03BF543D16DF11CF00895128 /* Cocoa.framework */; };
		0364CA5316F7C970002FDF46 /* HockeySDK.framework in Frameworks */ = {isa = PBXBuildFile; fileRef = 0364CA3B16F7BE0F002FDF46 /* HockeySDK.framework */; };
		0364CA5516F7C970002FDF46 /* InfoPlist.strings in Resources */ = {isa = PBXBuildFile; fileRef = 03BF544616DF11CF00895128 /* InfoPlist.strings */; };
		0364CA5616F7C970002FDF46 /* Credits.rtf in Resources */ = {isa = PBXBuildFile; fileRef = 03BF544C16DF11CF00895128 /* Credits.rtf */; };
		0364CA5716F7C970002FDF46 /* MainMenu.xib in Resources */ = {isa = PBXBuildFile; fileRef = 03BF545216DF11CF00895128 /* MainMenu.xib */; };
		0364CA5816F7C970002FDF46 /* SampleBackups in Resources */ = {isa = PBXBuildFile; fileRef = 0327251F16E2B244003A8E3E /* SampleBackups */; };
		0364CA5916F7C970002FDF46 /* MFQuickAccessView.xib in Resources */ = {isa = PBXBuildFile; fileRef = 0303040E16E702E200490253 /* MFQuickAccessView.xib */; };
		0364CA5A16F7C970002FDF46 /* Icons.iconset in Resources */ = {isa = PBXBuildFile; fileRef = 03B6B3F316EBB08000D99520 /* Icons.iconset */; };
		0364CA5B16F7C970002FDF46 /* OpenSans-ExtraBold.ttf in Resources */ = {isa = PBXBuildFile; fileRef = 0364CA2B16F378FE002FDF46 /* OpenSans-ExtraBold.ttf */; };
		0364CA5C16F7C970002FDF46 /* OpenSans-Light.ttf in Resources */ = {isa = PBXBuildFile; fileRef = 0364CA2C16F378FE002FDF46 /* OpenSans-Light.ttf */; };
		0364CA5D16F7C970002FDF46 /* MainWindowBG.png in Resources */ = {isa = PBXBuildFile; fileRef = 0364CA2E16F378FE002FDF46 /* MainWindowBG.png */; };
		0364CA5E16F7C970002FDF46 /* MainWindowBG@2x.png in Resources */ = {isa = PBXBuildFile; fileRef = 0364CA2F16F378FE002FDF46 /* MainWindowBG@2x.png */; };
		0364CA5F16F7C970002FDF46 /* QAWellBG.png in Resources */ = {isa = PBXBuildFile; fileRef = 0364CA3016F378FE002FDF46 /* QAWellBG.png */; };
		0364CA6016F7C970002FDF46 /* QAWellBG@2x.png in Resources */ = {isa = PBXBuildFile; fileRef = 0364CA3116F378FE002FDF46 /* QAWellBG@2x.png */; };
		0364CA6316F7C970002FDF46 /* LICENSE.txt in Resources */ = {isa = PBXBuildFile; fileRef = 0364CA3D16F7BE0F002FDF46 /* LICENSE.txt */; };
		0364CA6416F7C970002FDF46 /* README.md in Resources */ = {isa = PBXBuildFile; fileRef = 0364CA3E16F7BE0F002FDF46 /* README.md */; };
		03B6B3F416EBB08000D99520 /* Icons.iconset in Resources */ = {isa = PBXBuildFile; fileRef = 03B6B3F316EBB08000D99520 /* Icons.iconset */; };
		03BF543E16DF11CF00895128 /* Cocoa.framework in Frameworks */ = {isa = PBXBuildFile; fileRef = 03BF543D16DF11CF00895128 /* Cocoa.framework */; };
		03BF544816DF11CF00895128 /* InfoPlist.strings in Resources */ = {isa = PBXBuildFile; fileRef = 03BF544616DF11CF00895128 /* InfoPlist.strings */; };
		03BF544A16DF11CF00895128 /* main.m in Sources */ = {isa = PBXBuildFile; fileRef = 03BF544916DF11CF00895128 /* main.m */; };
		03BF544E16DF11CF00895128 /* Credits.rtf in Resources */ = {isa = PBXBuildFile; fileRef = 03BF544C16DF11CF00895128 /* Credits.rtf */; };
		03BF545116DF11CF00895128 /* MFAppDelegate.m in Sources */ = {isa = PBXBuildFile; fileRef = 03BF545016DF11CF00895128 /* MFAppDelegate.m */; };
		03BF545416DF11CF00895128 /* MainMenu.xib in Resources */ = {isa = PBXBuildFile; fileRef = 03BF545216DF11CF00895128 /* MainMenu.xib */; };
		03BF545C16DF11CF00895128 /* SenTestingKit.framework in Frameworks */ = {isa = PBXBuildFile; fileRef = 03BF545B16DF11CF00895128 /* SenTestingKit.framework */; };
		03BF545D16DF11CF00895128 /* Cocoa.framework in Frameworks */ = {isa = PBXBuildFile; fileRef = 03BF543D16DF11CF00895128 /* Cocoa.framework */; };
		03BF546516DF11CF00895128 /* InfoPlist.strings in Resources */ = {isa = PBXBuildFile; fileRef = 03BF546316DF11CF00895128 /* InfoPlist.strings */; };
		03BF546816DF11CF00895128 /* Horse_WhispererTests.m in Sources */ = {isa = PBXBuildFile; fileRef = 03BF546716DF11CF00895128 /* Horse_WhispererTests.m */; };
		03BF547416DF1BDD00895128 /* MFPreset.m in Sources */ = {isa = PBXBuildFile; fileRef = 03BF547316DF1BDD00895128 /* MFPreset.m */; };
		03BF547816DF1BFF00895128 /* MFModule.m in Sources */ = {isa = PBXBuildFile; fileRef = 03BF547716DF1BFF00895128 /* MFModule.m */; };
		03C26F7916F7CF4100374364 /* HockeySDK.framework in CopyFiles */ = {isa = PBXBuildFile; fileRef = 0364CA3B16F7BE0F002FDF46 /* HockeySDK.framework */; };
		03C26F7B16F7CF4A00374364 /* HockeySDK.framework in CopyFiles */ = {isa = PBXBuildFile; fileRef = 0364CA3B16F7BE0F002FDF46 /* HockeySDK.framework */; };
/* End PBXBuildFile section */

/* Begin PBXContainerItemProxy section */
		03BF545E16DF11CF00895128 /* PBXContainerItemProxy */ = {
			isa = PBXContainerItemProxy;
			containerPortal = 03BF543216DF11CF00895128 /* Project object */;
			proxyType = 1;
			remoteGlobalIDString = 03BF543916DF11CF00895128;
			remoteInfo = "Horse Whisperer";
		};
/* End PBXContainerItemProxy section */

/* Begin PBXCopyFilesBuildPhase section */
		03C26F7816F7CF3B00374364 /* CopyFiles */ = {
			isa = PBXCopyFilesBuildPhase;
			buildActionMask = 2147483647;
			dstPath = "";
			dstSubfolderSpec = 10;
			files = (
				03C26F7916F7CF4100374364 /* HockeySDK.framework in CopyFiles */,
			);
			runOnlyForDeploymentPostprocessing = 0;
		};
		03C26F7A16F7CF4600374364 /* CopyFiles */ = {
			isa = PBXCopyFilesBuildPhase;
			buildActionMask = 2147483647;
			dstPath = "";
			dstSubfolderSpec = 10;
			files = (
				03C26F7B16F7CF4A00374364 /* HockeySDK.framework in CopyFiles */,
			);
			runOnlyForDeploymentPostprocessing = 0;
		};
/* End PBXCopyFilesBuildPhase section */

/* Begin PBXFileReference section */
		0303040B16E6F9C100490253 /* MFQuickAccessView.h */ = {isa = PBXFileReference; fileEncoding = 4; lastKnownFileType = sourcecode.c.h; path = MFQuickAccessView.h; sourceTree = "<group>"; };
		0303040C16E6F9C100490253 /* MFQuickAccessView.m */ = {isa = PBXFileReference; fileEncoding = 4; lastKnownFileType = sourcecode.c.objc; path = MFQuickAccessView.m; sourceTree = "<group>"; };
		0303040E16E702E200490253 /* MFQuickAccessView.xib */ = {isa = PBXFileReference; fileEncoding = 4; lastKnownFileType = file.xib; path = MFQuickAccessView.xib; sourceTree = "<group>"; };
		0327251B16E2AE93003A8E3E /* MFFuseBackup.h */ = {isa = PBXFileReference; fileEncoding = 4; lastKnownFileType = sourcecode.c.h; path = MFFuseBackup.h; sourceTree = "<group>"; };
		0327251C16E2AE93003A8E3E /* MFFuseBackup.m */ = {isa = PBXFileReference; fileEncoding = 4; lastKnownFileType = sourcecode.c.objc; path = MFFuseBackup.m; sourceTree = "<group>"; };
		0327251F16E2B244003A8E3E /* SampleBackups */ = {isa = PBXFileReference; lastKnownFileType = folder; name = SampleBackups; path = ../SampleBackups; sourceTree = "<group>"; };
		0327252216E2B94C003A8E3E /* MFFuseBackup+MFFuseBackup_Private.h */ = {isa = PBXFileReference; fileEncoding = 4; lastKnownFileType = sourcecode.c.h; path = "MFFuseBackup+MFFuseBackup_Private.h"; sourceTree = "<group>"; };
		0364CA2B16F378FE002FDF46 /* OpenSans-ExtraBold.ttf */ = {isa = PBXFileReference; lastKnownFileType = file; path = "OpenSans-ExtraBold.ttf"; sourceTree = "<group>"; };
		0364CA2C16F378FE002FDF46 /* OpenSans-Light.ttf */ = {isa = PBXFileReference; lastKnownFileType = file; path = "OpenSans-Light.ttf"; sourceTree = "<group>"; };
		0364CA2E16F378FE002FDF46 /* MainWindowBG.png */ = {isa = PBXFileReference; lastKnownFileType = image.png; path = MainWindowBG.png; sourceTree = "<group>"; };
		0364CA2F16F378FE002FDF46 /* MainWindowBG@2x.png */ = {isa = PBXFileReference; lastKnownFileType = image.png; path = "MainWindowBG@2x.png"; sourceTree = "<group>"; };
		0364CA3016F378FE002FDF46 /* QAWellBG.png */ = {isa = PBXFileReference; lastKnownFileType = image.png; path = QAWellBG.png; sourceTree = "<group>"; };
		0364CA3116F378FE002FDF46 /* QAWellBG@2x.png */ = {isa = PBXFileReference; lastKnownFileType = image.png; path = "QAWellBG@2x.png"; sourceTree = "<group>"; };
		0364CA3B16F7BE0F002FDF46 /* HockeySDK.framework */ = {isa = PBXFileReference; lastKnownFileType = wrapper.framework; path = HockeySDK.framework; sourceTree = "<group>"; };
		0364CA3D16F7BE0F002FDF46 /* LICENSE.txt */ = {isa = PBXFileReference; fileEncoding = 4; lastKnownFileType = text; path = LICENSE.txt; sourceTree = "<group>"; };
		0364CA3E16F7BE0F002FDF46 /* README.md */ = {isa = PBXFileReference; fileEncoding = 4; lastKnownFileType = text; path = README.md; sourceTree = "<group>"; };
		0364CA6B16F7C970002FDF46 /* Speed Shop.app */ = {isa = PBXFileReference; explicitFileType = wrapper.application; includeInIndex = 0; path = "Speed Shop.app"; sourceTree = BUILT_PRODUCTS_DIR; };
		0364CA6C16F7C970002FDF46 /* Speed Shop copy-Info.plist */ = {isa = PBXFileReference; lastKnownFileType = text.plist.xml; name = "Speed Shop copy-Info.plist"; path = "/Users/josh/Sites/HorseWhisperer/Horse Whisperer/Speed Shop copy-Info.plist"; sourceTree = "<absolute>"; };
		03B6B3F316EBB08000D99520 /* Icons.iconset */ = {isa = PBXFileReference; lastKnownFileType = folder.iconset; path = Icons.iconset; sourceTree = "<group>"; };
		03BF543A16DF11CF00895128 /* Speed Shop.app */ = {isa = PBXFileReference; explicitFileType = wrapper.application; includeInIndex = 0; path = "Speed Shop.app"; sourceTree = BUILT_PRODUCTS_DIR; };
		03BF543D16DF11CF00895128 /* Cocoa.framework */ = {isa = PBXFileReference; lastKnownFileType = wrapper.framework; name = Cocoa.framework; path = System/Library/Frameworks/Cocoa.framework; sourceTree = SDKROOT; };
		03BF544016DF11CF00895128 /* AppKit.framework */ = {isa = PBXFileReference; lastKnownFileType = wrapper.framework; name = AppKit.framework; path = System/Library/Frameworks/AppKit.framework; sourceTree = SDKROOT; };
		03BF544116DF11CF00895128 /* CoreData.framework */ = {isa = PBXFileReference; lastKnownFileType = wrapper.framework; name = CoreData.framework; path = System/Library/Frameworks/CoreData.framework; sourceTree = SDKROOT; };
		03BF544216DF11CF00895128 /* Foundation.framework */ = {isa = PBXFileReference; lastKnownFileType = wrapper.framework; name = Foundation.framework; path = System/Library/Frameworks/Foundation.framework; sourceTree = SDKROOT; };
		03BF544516DF11CF00895128 /* Speed Shop-Info.plist */ = {isa = PBXFileReference; lastKnownFileType = text.plist.xml; path = "Speed Shop-Info.plist"; sourceTree = "<group>"; };
		03BF544716DF11CF00895128 /* en */ = {isa = PBXFileReference; lastKnownFileType = text.plist.strings; name = en; path = en.lproj/InfoPlist.strings; sourceTree = "<group>"; };
		03BF544916DF11CF00895128 /* main.m */ = {isa = PBXFileReference; lastKnownFileType = sourcecode.c.objc; path = main.m; sourceTree = "<group>"; };
		03BF544B16DF11CF00895128 /* Speed Shop-Prefix.pch */ = {isa = PBXFileReference; lastKnownFileType = sourcecode.c.h; path = "Speed Shop-Prefix.pch"; sourceTree = "<group>"; };
		03BF544D16DF11CF00895128 /* en */ = {isa = PBXFileReference; lastKnownFileType = text.rtf; name = en; path = en.lproj/Credits.rtf; sourceTree = "<group>"; };
		03BF544F16DF11CF00895128 /* MFAppDelegate.h */ = {isa = PBXFileReference; lastKnownFileType = sourcecode.c.h; path = MFAppDelegate.h; sourceTree = "<group>"; };
		03BF545016DF11CF00895128 /* MFAppDelegate.m */ = {isa = PBXFileReference; lastKnownFileType = sourcecode.c.objc; path = MFAppDelegate.m; sourceTree = "<group>"; };
		03BF545316DF11CF00895128 /* en */ = {isa = PBXFileReference; lastKnownFileType = file.xib; name = en; path = en.lproj/MainMenu.xib; sourceTree = "<group>"; };
		03BF545A16DF11CF00895128 /* Speed ShopTests.octest */ = {isa = PBXFileReference; explicitFileType = wrapper.cfbundle; includeInIndex = 0; path = "Speed ShopTests.octest"; sourceTree = BUILT_PRODUCTS_DIR; };
		03BF545B16DF11CF00895128 /* SenTestingKit.framework */ = {isa = PBXFileReference; lastKnownFileType = wrapper.framework; name = SenTestingKit.framework; path = Library/Frameworks/SenTestingKit.framework; sourceTree = DEVELOPER_DIR; };
		03BF546216DF11CF00895128 /* Speed ShopTests-Info.plist */ = {isa = PBXFileReference; lastKnownFileType = text.plist.xml; path = "Speed ShopTests-Info.plist"; sourceTree = "<group>"; };
		03BF546416DF11CF00895128 /* en */ = {isa = PBXFileReference; lastKnownFileType = text.plist.strings; name = en; path = en.lproj/InfoPlist.strings; sourceTree = "<group>"; };
		03BF546616DF11CF00895128 /* Horse_WhispererTests.h */ = {isa = PBXFileReference; lastKnownFileType = sourcecode.c.h; path = Horse_WhispererTests.h; sourceTree = "<group>"; };
		03BF546716DF11CF00895128 /* Horse_WhispererTests.m */ = {isa = PBXFileReference; lastKnownFileType = sourcecode.c.objc; path = Horse_WhispererTests.m; sourceTree = "<group>"; };
		03BF547216DF1BDD00895128 /* MFPreset.h */ = {isa = PBXFileReference; fileEncoding = 4; lastKnownFileType = sourcecode.c.h; path = MFPreset.h; sourceTree = "<group>"; };
		03BF547316DF1BDD00895128 /* MFPreset.m */ = {isa = PBXFileReference; fileEncoding = 4; lastKnownFileType = sourcecode.c.objc; path = MFPreset.m; sourceTree = "<group>"; };
		03BF547616DF1BFF00895128 /* MFModule.h */ = {isa = PBXFileReference; fileEncoding = 4; lastKnownFileType = sourcecode.c.h; path = MFModule.h; sourceTree = "<group>"; };
		03BF547716DF1BFF00895128 /* MFModule.m */ = {isa = PBXFileReference; fileEncoding = 4; lastKnownFileType = sourcecode.c.objc; path = MFModule.m; sourceTree = "<group>"; };
/* End PBXFileReference section */

/* Begin PBXFrameworksBuildPhase section */
		0364CA5116F7C970002FDF46 /* Frameworks */ = {
			isa = PBXFrameworksBuildPhase;
			buildActionMask = 2147483647;
			files = (
				0364CA5216F7C970002FDF46 /* Cocoa.framework in Frameworks */,
				0364CA5316F7C970002FDF46 /* HockeySDK.framework in Frameworks */,
			);
			runOnlyForDeploymentPostprocessing = 0;
		};
		03BF543716DF11CF00895128 /* Frameworks */ = {
			isa = PBXFrameworksBuildPhase;
			buildActionMask = 2147483647;
			files = (
				03BF543E16DF11CF00895128 /* Cocoa.framework in Frameworks */,
				0364CA4016F7BE0F002FDF46 /* HockeySDK.framework in Frameworks */,
			);
			runOnlyForDeploymentPostprocessing = 0;
		};
		03BF545616DF11CF00895128 /* Frameworks */ = {
			isa = PBXFrameworksBuildPhase;
			buildActionMask = 2147483647;
			files = (
				03BF545C16DF11CF00895128 /* SenTestingKit.framework in Frameworks */,
				03BF545D16DF11CF00895128 /* Cocoa.framework in Frameworks */,
			);
			runOnlyForDeploymentPostprocessing = 0;
		};
/* End PBXFrameworksBuildPhase section */

/* Begin PBXGroup section */
		0364CA2916F378FE002FDF46 /* Resources */ = {
			isa = PBXGroup;
			children = (
				0364CA2A16F378FE002FDF46 /* Fonts */,
				0364CA2D16F378FE002FDF46 /* Graphics */,
			);
			name = Resources;
			path = "Horse Whisperer/Resources";
			sourceTree = "<group>";
		};
		0364CA2A16F378FE002FDF46 /* Fonts */ = {
			isa = PBXGroup;
			children = (
				0364CA2B16F378FE002FDF46 /* OpenSans-ExtraBold.ttf */,
				0364CA2C16F378FE002FDF46 /* OpenSans-Light.ttf */,
			);
			path = Fonts;
			sourceTree = "<group>";
		};
		0364CA2D16F378FE002FDF46 /* Graphics */ = {
			isa = PBXGroup;
			children = (
				0364CA2E16F378FE002FDF46 /* MainWindowBG.png */,
				0364CA2F16F378FE002FDF46 /* MainWindowBG@2x.png */,
				0364CA3016F378FE002FDF46 /* QAWellBG.png */,
				0364CA3116F378FE002FDF46 /* QAWellBG@2x.png */,
			);
			path = Graphics;
			sourceTree = "<group>";
		};
		0364CA3816F7BE0F002FDF46 /* Libraries */ = {
			isa = PBXGroup;
			children = (
				0364CA3916F7BE0F002FDF46 /* HockeySDK-Mac */,
			);
			path = Libraries;
			sourceTree = "<group>";
		};
		0364CA3916F7BE0F002FDF46 /* HockeySDK-Mac */ = {
			isa = PBXGroup;
			children = (
				0364CA3B16F7BE0F002FDF46 /* HockeySDK.framework */,
				0364CA3D16F7BE0F002FDF46 /* LICENSE.txt */,
				0364CA3E16F7BE0F002FDF46 /* README.md */,
			);
			path = "HockeySDK-Mac";
			sourceTree = "<group>";
		};
		03B6B3E316EBADC500D99520 /* Graphics */ = {
			isa = PBXGroup;
			children = (
				03B6B3F316EBB08000D99520 /* Icons.iconset */,
			);
			name = Graphics;
			sourceTree = "<group>";
		};
		03BF543116DF11CF00895128 = {
			isa = PBXGroup;
			children = (
				0364CA3816F7BE0F002FDF46 /* Libraries */,
				0364CA2916F378FE002FDF46 /* Resources */,
				03B6B3E316EBADC500D99520 /* Graphics */,
				0327251F16E2B244003A8E3E /* SampleBackups */,
				03BF544316DF11CF00895128 /* Horse Whisperer */,
				03BF546016DF11CF00895128 /* Horse WhispererTests */,
				03BF543C16DF11CF00895128 /* Frameworks */,
				03BF543B16DF11CF00895128 /* Products */,
				0364CA6C16F7C970002FDF46 /* Speed Shop copy-Info.plist */,
			);
			sourceTree = "<group>";
		};
		03BF543B16DF11CF00895128 /* Products */ = {
			isa = PBXGroup;
			children = (
				03BF543A16DF11CF00895128 /* Speed Shop.app */,
				03BF545A16DF11CF00895128 /* Speed ShopTests.octest */,
				0364CA6B16F7C970002FDF46 /* Speed Shop.app */,
			);
			name = Products;
			sourceTree = "<group>";
		};
		03BF543C16DF11CF00895128 /* Frameworks */ = {
			isa = PBXGroup;
			children = (
				03BF543D16DF11CF00895128 /* Cocoa.framework */,
				03BF545B16DF11CF00895128 /* SenTestingKit.framework */,
				03BF543F16DF11CF00895128 /* Other Frameworks */,
			);
			name = Frameworks;
			sourceTree = "<group>";
		};
		03BF543F16DF11CF00895128 /* Other Frameworks */ = {
			isa = PBXGroup;
			children = (
				03BF544016DF11CF00895128 /* AppKit.framework */,
				03BF544116DF11CF00895128 /* CoreData.framework */,
				03BF544216DF11CF00895128 /* Foundation.framework */,
			);
			name = "Other Frameworks";
			sourceTree = "<group>";
		};
		03BF544316DF11CF00895128 /* Horse Whisperer */ = {
			isa = PBXGroup;
			children = (
				03BF547116DF1BB700895128 /* Model */,
				03BF544F16DF11CF00895128 /* MFAppDelegate.h */,
				03BF545016DF11CF00895128 /* MFAppDelegate.m */,
				03BF545216DF11CF00895128 /* MainMenu.xib */,
				03BF544416DF11CF00895128 /* Supporting Files */,
				0303040B16E6F9C100490253 /* MFQuickAccessView.h */,
				0303040C16E6F9C100490253 /* MFQuickAccessView.m */,
				0303040E16E702E200490253 /* MFQuickAccessView.xib */,
			);
			path = "Horse Whisperer";
			sourceTree = "<group>";
		};
		03BF544416DF11CF00895128 /* Supporting Files */ = {
			isa = PBXGroup;
			children = (
				03BF544516DF11CF00895128 /* Speed Shop-Info.plist */,
				03BF544616DF11CF00895128 /* InfoPlist.strings */,
				03BF544916DF11CF00895128 /* main.m */,
				03BF544B16DF11CF00895128 /* Speed Shop-Prefix.pch */,
				03BF544C16DF11CF00895128 /* Credits.rtf */,
			);
			name = "Supporting Files";
			sourceTree = "<group>";
		};
		03BF546016DF11CF00895128 /* Horse WhispererTests */ = {
			isa = PBXGroup;
			children = (
				03BF546616DF11CF00895128 /* Horse_WhispererTests.h */,
				03BF546716DF11CF00895128 /* Horse_WhispererTests.m */,
				03BF546116DF11CF00895128 /* Supporting Files */,
			);
			path = "Horse WhispererTests";
			sourceTree = "<group>";
		};
		03BF546116DF11CF00895128 /* Supporting Files */ = {
			isa = PBXGroup;
			children = (
				03BF546216DF11CF00895128 /* Speed ShopTests-Info.plist */,
				03BF546316DF11CF00895128 /* InfoPlist.strings */,
			);
			name = "Supporting Files";
			sourceTree = "<group>";
		};
		03BF547116DF1BB700895128 /* Model */ = {
			isa = PBXGroup;
			children = (
				03BF547216DF1BDD00895128 /* MFPreset.h */,
				03BF547316DF1BDD00895128 /* MFPreset.m */,
				03BF547616DF1BFF00895128 /* MFModule.h */,
				03BF547716DF1BFF00895128 /* MFModule.m */,
				0327251B16E2AE93003A8E3E /* MFFuseBackup.h */,
				0327252216E2B94C003A8E3E /* MFFuseBackup+MFFuseBackup_Private.h */,
				0327251C16E2AE93003A8E3E /* MFFuseBackup.m */,
			);
			name = Model;
			sourceTree = "<group>";
		};
/* End PBXGroup section */

/* Begin PBXNativeTarget section */
		0364CA4916F7C970002FDF46 /* Speed Shop Beta */ = {
			isa = PBXNativeTarget;
			buildConfigurationList = 0364CA6716F7C970002FDF46 /* Build configuration list for PBXNativeTarget "Speed Shop Beta" */;
			buildPhases = (
				0364CA4A16F7C970002FDF46 /* Sources */,
				0364CA5116F7C970002FDF46 /* Frameworks */,
				0364CA5416F7C970002FDF46 /* Resources */,
				03C26F7A16F7CF4600374364 /* CopyFiles */,
			);
			buildRules = (
			);
			dependencies = (
			);
			name = "Speed Shop Beta";
			productName = "Horse Whisperer";
			productReference = 0364CA6B16F7C970002FDF46 /* Speed Shop.app */;
			productType = "com.apple.product-type.application";
		};
		03BF543916DF11CF00895128 /* Speed Shop */ = {
			isa = PBXNativeTarget;
			buildConfigurationList = 03BF546B16DF11CF00895128 /* Build configuration list for PBXNativeTarget "Speed Shop" */;
			buildPhases = (
				03BF543616DF11CF00895128 /* Sources */,
				03BF543716DF11CF00895128 /* Frameworks */,
				03BF543816DF11CF00895128 /* Resources */,
				03C26F7816F7CF3B00374364 /* CopyFiles */,
			);
			buildRules = (
			);
			dependencies = (
			);
			name = "Speed Shop";
			productName = "Horse Whisperer";
			productReference = 03BF543A16DF11CF00895128 /* Speed Shop.app */;
			productType = "com.apple.product-type.application";
		};
		03BF545916DF11CF00895128 /* Speed ShopTests */ = {
			isa = PBXNativeTarget;
			buildConfigurationList = 03BF546E16DF11CF00895128 /* Build configuration list for PBXNativeTarget "Speed ShopTests" */;
			buildPhases = (
				03BF545516DF11CF00895128 /* Sources */,
				03BF545616DF11CF00895128 /* Frameworks */,
				03BF545716DF11CF00895128 /* Resources */,
				03BF545816DF11CF00895128 /* ShellScript */,
			);
			buildRules = (
			);
			dependencies = (
				03BF545F16DF11CF00895128 /* PBXTargetDependency */,
			);
			name = "Speed ShopTests";
			productName = "Horse WhispererTests";
			productReference = 03BF545A16DF11CF00895128 /* Speed ShopTests.octest */;
			productType = "com.apple.product-type.bundle";
		};
/* End PBXNativeTarget section */

/* Begin PBXProject section */
		03BF543216DF11CF00895128 /* Project object */ = {
			isa = PBXProject;
			attributes = {
				CLASSPREFIX = MF;
				LastUpgradeCheck = 0460;
				ORGANIZATIONNAME = "Joshua Buhler";
			};
			buildConfigurationList = 03BF543516DF11CF00895128 /* Build configuration list for PBXProject "Speed Shop" */;
			compatibilityVersion = "Xcode 3.2";
			developmentRegion = English;
			hasScannedForEncodings = 0;
			knownRegions = (
				en,
			);
			mainGroup = 03BF543116DF11CF00895128;
			productRefGroup = 03BF543B16DF11CF00895128 /* Products */;
			projectDirPath = "";
			projectRoot = "";
			targets = (
				03BF543916DF11CF00895128 /* Speed Shop */,
				03BF545916DF11CF00895128 /* Speed ShopTests */,
				0364CA4916F7C970002FDF46 /* Speed Shop Beta */,
			);
		};
/* End PBXProject section */

/* Begin PBXResourcesBuildPhase section */
		0364CA5416F7C970002FDF46 /* Resources */ = {
			isa = PBXResourcesBuildPhase;
			buildActionMask = 2147483647;
			files = (
				0364CA5516F7C970002FDF46 /* InfoPlist.strings in Resources */,
				0364CA5616F7C970002FDF46 /* Credits.rtf in Resources */,
				0364CA5716F7C970002FDF46 /* MainMenu.xib in Resources */,
				0364CA5816F7C970002FDF46 /* SampleBackups in Resources */,
				0364CA5916F7C970002FDF46 /* MFQuickAccessView.xib in Resources */,
				0364CA5A16F7C970002FDF46 /* Icons.iconset in Resources */,
				0364CA5B16F7C970002FDF46 /* OpenSans-ExtraBold.ttf in Resources */,
				0364CA5C16F7C970002FDF46 /* OpenSans-Light.ttf in Resources */,
				0364CA5D16F7C970002FDF46 /* MainWindowBG.png in Resources */,
				0364CA5E16F7C970002FDF46 /* MainWindowBG@2x.png in Resources */,
				0364CA5F16F7C970002FDF46 /* QAWellBG.png in Resources */,
				0364CA6016F7C970002FDF46 /* QAWellBG@2x.png in Resources */,
				0364CA6316F7C970002FDF46 /* LICENSE.txt in Resources */,
				0364CA6416F7C970002FDF46 /* README.md in Resources */,
			);
			runOnlyForDeploymentPostprocessing = 0;
		};
		03BF543816DF11CF00895128 /* Resources */ = {
			isa = PBXResourcesBuildPhase;
			buildActionMask = 2147483647;
			files = (
				03BF544816DF11CF00895128 /* InfoPlist.strings in Resources */,
				03BF544E16DF11CF00895128 /* Credits.rtf in Resources */,
				03BF545416DF11CF00895128 /* MainMenu.xib in Resources */,
				0327252016E2B244003A8E3E /* SampleBackups in Resources */,
				0303040F16E702E200490253 /* MFQuickAccessView.xib in Resources */,
				03B6B3F416EBB08000D99520 /* Icons.iconset in Resources */,
				0364CA3216F378FE002FDF46 /* OpenSans-ExtraBold.ttf in Resources */,
				0364CA3316F378FE002FDF46 /* OpenSans-Light.ttf in Resources */,
				0364CA3416F378FE002FDF46 /* MainWindowBG.png in Resources */,
				0364CA3516F378FE002FDF46 /* MainWindowBG@2x.png in Resources */,
				0364CA3616F378FE002FDF46 /* QAWellBG.png in Resources */,
				0364CA3716F378FE002FDF46 /* QAWellBG@2x.png in Resources */,
				0364CA4216F7BE0F002FDF46 /* LICENSE.txt in Resources */,
				0364CA4316F7BE0F002FDF46 /* README.md in Resources */,
			);
			runOnlyForDeploymentPostprocessing = 0;
		};
		03BF545716DF11CF00895128 /* Resources */ = {
			isa = PBXResourcesBuildPhase;
			buildActionMask = 2147483647;
			files = (
				03BF546516DF11CF00895128 /* InfoPlist.strings in Resources */,
				0327252116E2B244003A8E3E /* SampleBackups in Resources */,
			);
			runOnlyForDeploymentPostprocessing = 0;
		};
/* End PBXResourcesBuildPhase section */

/* Begin PBXShellScriptBuildPhase section */
		03BF545816DF11CF00895128 /* ShellScript */ = {
			isa = PBXShellScriptBuildPhase;
			buildActionMask = 2147483647;
			files = (
			);
			inputPaths = (
			);
			outputPaths = (
			);
			runOnlyForDeploymentPostprocessing = 0;
			shellPath = /bin/sh;
			shellScript = "# Run the unit tests in this test bundle.\n\"${SYSTEM_DEVELOPER_DIR}/Tools/RunUnitTests\"\n";
		};
/* End PBXShellScriptBuildPhase section */

/* Begin PBXSourcesBuildPhase section */
		0364CA4A16F7C970002FDF46 /* Sources */ = {
			isa = PBXSourcesBuildPhase;
			buildActionMask = 2147483647;
			files = (
				0364CA4B16F7C970002FDF46 /* main.m in Sources */,
				0364CA4C16F7C970002FDF46 /* MFAppDelegate.m in Sources */,
				0364CA4D16F7C970002FDF46 /* MFPreset.m in Sources */,
				0364CA4E16F7C970002FDF46 /* MFModule.m in Sources */,
				0364CA4F16F7C970002FDF46 /* MFFuseBackup.m in Sources */,
				0364CA5016F7C970002FDF46 /* MFQuickAccessView.m in Sources */,
			);
			runOnlyForDeploymentPostprocessing = 0;
		};
		03BF543616DF11CF00895128 /* Sources */ = {
			isa = PBXSourcesBuildPhase;
			buildActionMask = 2147483647;
			files = (
				03BF544A16DF11CF00895128 /* main.m in Sources */,
				03BF545116DF11CF00895128 /* MFAppDelegate.m in Sources */,
				03BF547416DF1BDD00895128 /* MFPreset.m in Sources */,
				03BF547816DF1BFF00895128 /* MFModule.m in Sources */,
				0327251D16E2AE93003A8E3E /* MFFuseBackup.m in Sources */,
				0303040D16E6F9C100490253 /* MFQuickAccessView.m in Sources */,
			);
			runOnlyForDeploymentPostprocessing = 0;
		};
		03BF545516DF11CF00895128 /* Sources */ = {
			isa = PBXSourcesBuildPhase;
			buildActionMask = 2147483647;
			files = (
				03BF546816DF11CF00895128 /* Horse_WhispererTests.m in Sources */,
			);
			runOnlyForDeploymentPostprocessing = 0;
		};
/* End PBXSourcesBuildPhase section */

/* Begin PBXTargetDependency section */
		03BF545F16DF11CF00895128 /* PBXTargetDependency */ = {
			isa = PBXTargetDependency;
			target = 03BF543916DF11CF00895128 /* Speed Shop */;
			targetProxy = 03BF545E16DF11CF00895128 /* PBXContainerItemProxy */;
		};
/* End PBXTargetDependency section */

/* Begin PBXVariantGroup section */
		03BF544616DF11CF00895128 /* InfoPlist.strings */ = {
			isa = PBXVariantGroup;
			children = (
				03BF544716DF11CF00895128 /* en */,
			);
			name = InfoPlist.strings;
			sourceTree = "<group>";
		};
		03BF544C16DF11CF00895128 /* Credits.rtf */ = {
			isa = PBXVariantGroup;
			children = (
				03BF544D16DF11CF00895128 /* en */,
			);
			name = Credits.rtf;
			sourceTree = "<group>";
		};
		03BF545216DF11CF00895128 /* MainMenu.xib */ = {
			isa = PBXVariantGroup;
			children = (
				03BF545316DF11CF00895128 /* en */,
			);
			name = MainMenu.xib;
			sourceTree = "<group>";
		};
		03BF546316DF11CF00895128 /* InfoPlist.strings */ = {
			isa = PBXVariantGroup;
			children = (
				03BF546416DF11CF00895128 /* en */,
			);
			name = InfoPlist.strings;
			sourceTree = "<group>";
		};
/* End PBXVariantGroup section */

/* Begin XCBuildConfiguration section */
		0364CA4616F7C931002FDF46 /* Beta */ = {
			isa = XCBuildConfiguration;
			buildSettings = {
				ALWAYS_SEARCH_USER_PATHS = NO;
				ARCHS = "$(ARCHS_STANDARD_64_BIT)";
				CLANG_CXX_LANGUAGE_STANDARD = "gnu++0x";
				CLANG_CXX_LIBRARY = "libc++";
				CLANG_ENABLE_OBJC_ARC = YES;
				CLANG_WARN_CONSTANT_CONVERSION = YES;
				CLANG_WARN_EMPTY_BODY = YES;
				CLANG_WARN_ENUM_CONVERSION = YES;
				CLANG_WARN_INT_CONVERSION = YES;
				CLANG_WARN__DUPLICATE_METHOD_MATCH = YES;
				COPY_PHASE_STRIP = YES;
				DEBUG_INFORMATION_FORMAT = "dwarf-with-dsym";
				GCC_C_LANGUAGE_STANDARD = gnu99;
				GCC_ENABLE_OBJC_EXCEPTIONS = YES;
				GCC_PREPROCESSOR_DEFINITIONS = "CONFIGURATION_$(CONFIGURATION)";
				GCC_WARN_64_TO_32_BIT_CONVERSION = YES;
				GCC_WARN_ABOUT_RETURN_TYPE = YES;
				GCC_WARN_UNINITIALIZED_AUTOS = YES;
				GCC_WARN_UNUSED_VARIABLE = YES;
				MACOSX_DEPLOYMENT_TARGET = 10.7;
				SDKROOT = macosx;
			};
			name = Beta;
		};
		0364CA4716F7C931002FDF46 /* Beta */ = {
			isa = XCBuildConfiguration;
			buildSettings = {
				COMBINE_HIDPI_IMAGES = YES;
				FRAMEWORK_SEARCH_PATHS = (
					"$(inherited)",
					"\"$(SRCROOT)/Libraries/HockeySDK-Mac\"",
				);
				GCC_PRECOMPILE_PREFIX_HEADER = YES;
				GCC_PREFIX_HEADER = "Horse Whisperer/Speed Shop-Prefix.pch";
				INFOPLIST_FILE = "Horse Whisperer/Speed Shop-Info.plist";
				PRODUCT_NAME = "Speed Shop";
				WRAPPER_EXTENSION = app;
			};
			name = Beta;
		};
		0364CA4816F7C931002FDF46 /* Beta */ = {
			isa = XCBuildConfiguration;
			buildSettings = {
				BUNDLE_LOADER = "$(BUILT_PRODUCTS_DIR)/Horse Whisperer.app/Contents/MacOS/Horse Whisperer";
				COMBINE_HIDPI_IMAGES = YES;
				FRAMEWORK_SEARCH_PATHS = "\"$(DEVELOPER_LIBRARY_DIR)/Frameworks\"";
				GCC_PRECOMPILE_PREFIX_HEADER = YES;
				GCC_PREFIX_HEADER = "Horse Whisperer/Horse Whisperer-Prefix.pch";
				INFOPLIST_FILE = "Horse WhispererTests/Speed ShopTests-Info.plist";
				PRODUCT_NAME = "Speed ShopTests";
				TEST_HOST = "$(BUNDLE_LOADER)";
				WRAPPER_EXTENSION = octest;
			};
			name = Beta;
		};
		0364CA6816F7C970002FDF46 /* Debug */ = {
			isa = XCBuildConfiguration;
			buildSettings = {
				COMBINE_HIDPI_IMAGES = YES;
				FRAMEWORK_SEARCH_PATHS = (
					"$(inherited)",
					"\"$(SRCROOT)/Libraries/HockeySDK-Mac\"",
				);
				GCC_PRECOMPILE_PREFIX_HEADER = YES;
				GCC_PREFIX_HEADER = "Horse Whisperer/Speed Shop-Prefix.pch";
				INFOPLIST_FILE = "Speed Shop copy-Info.plist";
				PRODUCT_NAME = "Speed Shop";
				WRAPPER_EXTENSION = app;
			};
			name = Debug;
		};
		0364CA6916F7C970002FDF46 /* Release */ = {
			isa = XCBuildConfiguration;
			buildSettings = {
				COMBINE_HIDPI_IMAGES = YES;
				FRAMEWORK_SEARCH_PATHS = (
					"$(inherited)",
					"\"$(SRCROOT)/Libraries/HockeySDK-Mac\"",
				);
				GCC_PRECOMPILE_PREFIX_HEADER = YES;
				GCC_PREFIX_HEADER = "Horse Whisperer/Speed Shop-Prefix.pch";
				INFOPLIST_FILE = "Speed Shop copy-Info.plist";
				PRODUCT_NAME = "Speed Shop";
				WRAPPER_EXTENSION = app;
			};
			name = Release;
		};
		0364CA6A16F7C970002FDF46 /* Beta */ = {
			isa = XCBuildConfiguration;
			buildSettings = {
				COMBINE_HIDPI_IMAGES = YES;
				FRAMEWORK_SEARCH_PATHS = (
					"$(inherited)",
					"\"$(SRCROOT)/Libraries/HockeySDK-Mac\"",
				);
				GCC_PRECOMPILE_PREFIX_HEADER = YES;
				GCC_PREFIX_HEADER = "Horse Whisperer/Speed Shop-Prefix.pch";
				INFOPLIST_FILE = "Speed Shop copy-Info.plist";
				PRODUCT_NAME = "Speed Shop";
				WRAPPER_EXTENSION = app;
			};
			name = Beta;
		};
		03BF546916DF11CF00895128 /* Debug */ = {
			isa = XCBuildConfiguration;
			buildSettings = {
				ALWAYS_SEARCH_USER_PATHS = NO;
				ARCHS = "$(ARCHS_STANDARD_64_BIT)";
				CLANG_CXX_LANGUAGE_STANDARD = "gnu++0x";
				CLANG_CXX_LIBRARY = "libc++";
				CLANG_ENABLE_OBJC_ARC = YES;
				CLANG_WARN_CONSTANT_CONVERSION = YES;
				CLANG_WARN_EMPTY_BODY = YES;
				CLANG_WARN_ENUM_CONVERSION = YES;
				CLANG_WARN_INT_CONVERSION = YES;
				CLANG_WARN__DUPLICATE_METHOD_MATCH = YES;
				COPY_PHASE_STRIP = NO;
				GCC_C_LANGUAGE_STANDARD = gnu99;
				GCC_DYNAMIC_NO_PIC = NO;
				GCC_ENABLE_OBJC_EXCEPTIONS = YES;
				GCC_OPTIMIZATION_LEVEL = 0;
				GCC_PREPROCESSOR_DEFINITIONS = "CONFIGURATION_$(CONFIGURATION)";
				GCC_SYMBOLS_PRIVATE_EXTERN = NO;
				GCC_WARN_64_TO_32_BIT_CONVERSION = YES;
				GCC_WARN_ABOUT_RETURN_TYPE = YES;
				GCC_WARN_UNINITIALIZED_AUTOS = YES;
				GCC_WARN_UNUSED_VARIABLE = YES;
				MACOSX_DEPLOYMENT_TARGET = 10.7;
				ONLY_ACTIVE_ARCH = YES;
				SDKROOT = macosx;
			};
			name = Debug;
		};
		03BF546A16DF11CF00895128 /* Release */ = {
			isa = XCBuildConfiguration;
			buildSettings = {
				ALWAYS_SEARCH_USER_PATHS = NO;
				ARCHS = "$(ARCHS_STANDARD_64_BIT)";
				CLANG_CXX_LANGUAGE_STANDARD = "gnu++0x";
				CLANG_CXX_LIBRARY = "libc++";
				CLANG_ENABLE_OBJC_ARC = YES;
				CLANG_WARN_CONSTANT_CONVERSION = YES;
				CLANG_WARN_EMPTY_BODY = YES;
				CLANG_WARN_ENUM_CONVERSION = YES;
				CLANG_WARN_INT_CONVERSION = YES;
				CLANG_WARN__DUPLICATE_METHOD_MATCH = YES;
				COPY_PHASE_STRIP = YES;
				DEBUG_INFORMATION_FORMAT = "dwarf-with-dsym";
				GCC_C_LANGUAGE_STANDARD = gnu99;
				GCC_ENABLE_OBJC_EXCEPTIONS = YES;
				GCC_PREPROCESSOR_DEFINITIONS = "CONFIGURATION_$(CONFIGURATION)";
				GCC_WARN_64_TO_32_BIT_CONVERSION = YES;
				GCC_WARN_ABOUT_RETURN_TYPE = YES;
				GCC_WARN_UNINITIALIZED_AUTOS = YES;
				GCC_WARN_UNUSED_VARIABLE = YES;
				MACOSX_DEPLOYMENT_TARGET = 10.7;
				SDKROOT = macosx;
			};
			name = Release;
		};
		03BF546C16DF11CF00895128 /* Debug */ = {
			isa = XCBuildConfiguration;
			buildSettings = {
				COMBINE_HIDPI_IMAGES = YES;
				FRAMEWORK_SEARCH_PATHS = (
					"$(inherited)",
					"\"$(SRCROOT)/Libraries/HockeySDK-Mac\"",
				);
				GCC_PRECOMPILE_PREFIX_HEADER = YES;
				GCC_PREFIX_HEADER = "Horse Whisperer/Speed Shop-Prefix.pch";
				INFOPLIST_FILE = "Horse Whisperer/Speed Shop-Info.plist";
				PRODUCT_NAME = "Speed Shop";
				WRAPPER_EXTENSION = app;
			};
			name = Debug;
		};
		03BF546D16DF11CF00895128 /* Release */ = {
			isa = XCBuildConfiguration;
			buildSettings = {
				COMBINE_HIDPI_IMAGES = YES;
				FRAMEWORK_SEARCH_PATHS = (
					"$(inherited)",
					"\"$(SRCROOT)/Libraries/HockeySDK-Mac\"",
				);
				GCC_PRECOMPILE_PREFIX_HEADER = YES;
				GCC_PREFIX_HEADER = "Horse Whisperer/Speed Shop-Prefix.pch";
				INFOPLIST_FILE = "Horse Whisperer/Speed Shop-Info.plist";
				PRODUCT_NAME = "Speed Shop";
				WRAPPER_EXTENSION = app;
			};
			name = Release;
		};
		03BF546F16DF11CF00895128 /* Debug */ = {
			isa = XCBuildConfiguration;
			buildSettings = {
				BUNDLE_LOADER = "$(BUILT_PRODUCTS_DIR)/Horse Whisperer.app/Contents/MacOS/Horse Whisperer";
				COMBINE_HIDPI_IMAGES = YES;
				FRAMEWORK_SEARCH_PATHS = "\"$(DEVELOPER_LIBRARY_DIR)/Frameworks\"";
				GCC_PRECOMPILE_PREFIX_HEADER = YES;
				GCC_PREFIX_HEADER = "Horse Whisperer/Horse Whisperer-Prefix.pch";
				INFOPLIST_FILE = "Horse WhispererTests/Speed ShopTests-Info.plist";
				PRODUCT_NAME = "Speed ShopTests";
				TEST_HOST = "$(BUNDLE_LOADER)";
				WRAPPER_EXTENSION = octest;
			};
			name = Debug;
		};
		03BF547016DF11CF00895128 /* Release */ = {
			isa = XCBuildConfiguration;
			buildSettings = {
				BUNDLE_LOADER = "$(BUILT_PRODUCTS_DIR)/Horse Whisperer.app/Contents/MacOS/Horse Whisperer";
				COMBINE_HIDPI_IMAGES = YES;
				FRAMEWORK_SEARCH_PATHS = "\"$(DEVELOPER_LIBRARY_DIR)/Frameworks\"";
				GCC_PRECOMPILE_PREFIX_HEADER = YES;
				GCC_PREFIX_HEADER = "Horse Whisperer/Horse Whisperer-Prefix.pch";
				INFOPLIST_FILE = "Horse WhispererTests/Speed ShopTests-Info.plist";
				PRODUCT_NAME = "Speed ShopTests";
				TEST_HOST = "$(BUNDLE_LOADER)";
				WRAPPER_EXTENSION = octest;
			};
			name = Release;
		};
/* End XCBuildConfiguration section */

/* Begin XCConfigurationList section */
		0364CA6716F7C970002FDF46 /* Build configuration list for PBXNativeTarget "Speed Shop Beta" */ = {
			isa = XCConfigurationList;
			buildConfigurations = (
				0364CA6816F7C970002FDF46 /* Debug */,
				0364CA6916F7C970002FDF46 /* Release */,
				0364CA6A16F7C970002FDF46 /* Beta */,
			);
			defaultConfigurationIsVisible = 0;
			defaultConfigurationName = Release;
		};
		03BF543516DF11CF00895128 /* Build configuration list for PBXProject "Speed Shop" */ = {
			isa = XCConfigurationList;
			buildConfigurations = (
				03BF546916DF11CF00895128 /* Debug */,
				03BF546A16DF11CF00895128 /* Release */,
				0364CA4616F7C931002FDF46 /* Beta */,
			);
			defaultConfigurationIsVisible = 0;
			defaultConfigurationName = Release;
		};
		03BF546B16DF11CF00895128 /* Build configuration list for PBXNativeTarget "Speed Shop" */ = {
			isa = XCConfigurationList;
			buildConfigurations = (
				03BF546C16DF11CF00895128 /* Debug */,
				03BF546D16DF11CF00895128 /* Release */,
				0364CA4716F7C931002FDF46 /* Beta */,
			);
			defaultConfigurationIsVisible = 0;
			defaultConfigurationName = Release;
		};
		03BF546E16DF11CF00895128 /* Build configuration list for PBXNativeTarget "Speed ShopTests" */ = {
			isa = XCConfigurationList;
			buildConfigurations = (
				03BF546F16DF11CF00895128 /* Debug */,
				03BF547016DF11CF00895128 /* Release */,
				0364CA4816F7C931002FDF46 /* Beta */,
			);
			defaultConfigurationIsVisible = 0;
			defaultConfigurationName = Release;
		};
/* End XCConfigurationList section */
	};
	rootObject = 03BF543216DF11CF00895128 /* Project object */;
}
